{
  "nodes": {
    "cmp-buffer": {
      "flake": false,
      "locked": {
        "lastModified": 1660101488,
        "narHash": "sha256-dG4U7MtnXThoa/PD+qFtCt76MQ14V1wX8GMYcvxEnbM=",
        "owner": "hrsh7th",
        "repo": "cmp-buffer",
        "rev": "3022dbc9166796b644a841a02de8dd1cc1d311fa",
        "type": "github"
      },
      "original": {
        "owner": "hrsh7th",
        "repo": "cmp-buffer",
        "type": "github"
      }
    },
    "cmp-cmdline": {
      "flake": false,
      "locked": {
        "lastModified": 1686243464,
        "narHash": "sha256-W8v/XhPjbvKSwCrfOAPihO2N9PEVnH5Cp/Fa25lNRw4=",
        "owner": "hrsh7th",
        "repo": "cmp-cmdline",
        "rev": "8ee981b4a91f536f52add291594e89fb6645e451",
        "type": "github"
      },
      "original": {
        "owner": "hrsh7th",
        "repo": "cmp-cmdline",
        "type": "github"
      }
    },
    "cmp-nvim-lsp": {
      "flake": false,
      "locked": {
        "lastModified": 1687494203,
        "narHash": "sha256-mU0soCz79erJXMMqD/FyrJZ0mu2n6fE0deymPzQlxts=",
        "owner": "hrsh7th",
        "repo": "cmp-nvim-lsp",
        "rev": "44b16d11215dce86f253ce0c30949813c0a90765",
        "type": "github"
      },
      "original": {
        "owner": "hrsh7th",
        "repo": "cmp-nvim-lsp",
        "type": "github"
      }
    },
    "cmp-path": {
      "flake": false,
      "locked": {
        "lastModified": 1664784283,
        "narHash": "sha256-thppiiV3wjIaZnAXmsh7j3DUc6ceSCvGzviwFUnoPaI=",
        "owner": "hrsh7th",
        "repo": "cmp-path",
        "rev": "91ff86cd9c29299a64f968ebb45846c485725f23",
        "type": "github"
      },
      "original": {
        "owner": "hrsh7th",
        "repo": "cmp-path",
        "type": "github"
      }
    },
    "cmp-snippy": {
      "flake": false,
      "locked": {
        "lastModified": 1686803276,
        "narHash": "sha256-XfltZ4MSDk7nCa6nl7dd23Gypc/F8eFfFLUxgCPUI5w=",
        "owner": "dcampos",
        "repo": "cmp-snippy",
        "rev": "c4dc31232c510cd32d4708701e6f06746d46df90",
        "type": "github"
      },
      "original": {
        "owner": "dcampos",
        "repo": "cmp-snippy",
        "type": "github"
      }
    },
    "codegpt": {
      "flake": false,
      "locked": {
        "lastModified": 1682976709,
        "narHash": "sha256-JpZJz4ZmbL+tfYUSOQ9K7YUld7zTzAI11fw9sRaJzPA=",
        "owner": "dpayne",
        "repo": "codegpt.nvim",
        "rev": "6e3714e8d336aea4a205081d44ed8b2e3505dee2",
        "type": "github"
      },
      "original": {
        "owner": "dpayne",
        "repo": "codegpt.nvim",
        "type": "github"
      }
    },
    "comment": {
      "flake": false,
      "locked": {
        "lastModified": 1686546603,
        "narHash": "sha256-XM9yhp+SGxfAOdN/eDunzM0TMoCJhVth3wpFKNCGf3g=",
        "owner": "numtostr",
        "repo": "comment.nvim",
        "rev": "176e85eeb63f1a5970d6b88f1725039d85ca0055",
        "type": "github"
      },
      "original": {
        "owner": "numtostr",
        "repo": "comment.nvim",
        "type": "github"
      }
    },
    "diffview": {
      "flake": false,
      "locked": {
        "lastModified": 1686772980,
        "narHash": "sha256-dBzoeaDaxo2WgD9t+OaYLyEa/LM1HmmbUWpGpLu50y8=",
        "owner": "sindrets",
        "repo": "diffview.nvim",
        "rev": "b3a763f8c7810b352226c95faa7d3ac9fb93b8d9",
        "type": "github"
      },
      "original": {
        "owner": "sindrets",
        "repo": "diffview.nvim",
        "type": "github"
      }
    },
    "flake-utils": {
      "inputs": {
        "systems": "systems"
      },
      "locked": {
        "lastModified": 1687709756,
        "narHash": "sha256-Y5wKlQSkgEK2weWdOu4J3riRd+kV/VCgHsqLNTTWQ/0=",
        "owner": "numtide",
        "repo": "flake-utils",
        "rev": "dbabf0ca0c0c4bce6ea5eaf65af5cb694d2082c7",
        "type": "github"
      },
      "original": {
        "owner": "numtide",
        "repo": "flake-utils",
        "type": "github"
      }
    },
    "gitsigns": {
      "flake": false,
      "locked": {
        "lastModified": 1687264756,
        "narHash": "sha256-V16DU/uq5D9GmvNjdZEVIj5xG9JoS6tII1Y9dev0As8=",
        "owner": "lewis6991",
        "repo": "gitsigns.nvim",
        "rev": "a36bc3360d584d39b4fb076d855c4180842d4444",
        "type": "github"
      },
      "original": {
        "owner": "lewis6991",
        "repo": "gitsigns.nvim",
        "type": "github"
      }
    },
    "home-manager": {
      "inputs": {
        "nixpkgs": [
          "nixpkgs"
        ]
      },
      "locked": {
        "lastModified": 1687647343,
        "narHash": "sha256-1/o/i9KEFOBdlF9Cs04kBcqDFbYMt6W4SMqGa+QnnaI=",
        "owner": "nix-community",
        "repo": "home-manager",
        "rev": "0ee5ab611dc1fbb5180bd7d88d2aeb7841a4d179",
        "type": "github"
      },
      "original": {
        "owner": "nix-community",
        "ref": "master",
        "repo": "home-manager",
        "type": "github"
      }
    },
    "indent-blankline": {
      "flake": false,
      "locked": {
        "lastModified": 1685412336,
        "narHash": "sha256-2AgkwADQetmFAc+cYU2USmTXMngXHo7021KrTVTIkkE=",
        "owner": "lukas-reineke",
        "repo": "indent-blankline.nvim",
        "rev": "7075d7861f7a6bbf0de0298c83f8a13195e6ec01",
        "type": "github"
      },
      "original": {
        "owner": "lukas-reineke",
        "repo": "indent-blankline.nvim",
        "type": "github"
      }
    },
    "lualine": {
      "flake": false,
      "locked": {
        "lastModified": 1683213422,
        "narHash": "sha256-ltHE8UIquGo07BSlFGM1l3wmTNN43i8kx6QY7Fj2CNo=",
        "owner": "nvim-lualine",
        "repo": "lualine.nvim",
        "rev": "05d78e9fd0cdfb4545974a5aa14b1be95a86e9c9",
        "type": "github"
      },
      "original": {
        "owner": "nvim-lualine",
        "repo": "lualine.nvim",
        "type": "github"
      }
    },
    "moonlight": {
      "flake": false,
      "locked": {
        "lastModified": 1621189154,
        "narHash": "sha256-wydCYXsQZyojiUf4CAi15pSysFxZjdRk8x3r668bPFU=",
        "owner": "shaunsingh",
        "repo": "moonlight.nvim",
        "rev": "e24e4218ec680b6396532808abf57ca0ada82e66",
        "type": "github"
      },
      "original": {
        "owner": "shaunsingh",
        "repo": "moonlight.nvim",
        "type": "github"
      }
    },
    "neo-tree": {
      "flake": false,
      "locked": {
        "lastModified": 1687733093,
        "narHash": "sha256-UnDgcH+Ez7SAr1s7msagS+kabpZj4mZO+BQGB/XcufA=",
        "owner": "nvim-neo-tree",
        "repo": "neo-tree.nvim",
        "rev": "70d3daa22bf24de9e3e284ac659506b1374e3ae2",
        "type": "github"
      },
      "original": {
        "owner": "nvim-neo-tree",
        "repo": "neo-tree.nvim",
        "type": "github"
      }
    },
    "neogit": {
      "flake": false,
      "locked": {
        "lastModified": 1686318130,
        "narHash": "sha256-Wid1gKch3aHO97qklic3feqz+tfcz+WhG400s6CQzhk=",
        "owner": "TimUntersberger",
        "repo": "neogit",
        "rev": "68a3e90e9d1ed9e362317817851d0f34b19e426b",
        "type": "github"
      },
      "original": {
        "owner": "TimUntersberger",
        "repo": "neogit",
        "type": "github"
      }
    },
    "neorg": {
      "flake": false,
      "locked": {
        "lastModified": 1687268241,
        "narHash": "sha256-vwm06F7GEHf1gEEAw9SPDsTrrWk3upEQXEHwnsKawPM=",
        "owner": "nvim-neorg",
        "repo": "neorg",
        "rev": "6fece1546d051a5f2a2d932d5978beec1ef920ab",
        "type": "github"
      },
      "original": {
        "owner": "nvim-neorg",
        "repo": "neorg",
        "type": "github"
      }
    },
    "nightvim": {
      "inputs": {
        "flake-utils": [
          "flake-utils"
        ],
        "home-manager": [
          "home-manager"
        ],
        "nixpkgs": [
          "nixpkgs"
        ]
      },
      "locked": {
        "lastModified": 1687291786,
        "narHash": "sha256-aKHdLG/vBuRXJkEPb+b1KU6FwSWIGS6cDLX+WycX7cg=",
        "owner": "cfcosta",
        "repo": "nightvim",
        "rev": "cb5e5e27ed680c35562f0d62d5f7ece250577a5f",
        "type": "github"
      },
      "original": {
        "owner": "cfcosta",
        "repo": "nightvim",
        "type": "github"
      }
    },
    "nixpkgs": {
      "locked": {
        "lastModified": 1687701825,
        "narHash": "sha256-aMC9hqsf+4tJL7aJWSdEUurW2TsjxtDcJBwM9Y4FIYM=",
        "owner": "NixOS",
        "repo": "nixpkgs",
        "rev": "07059ee2fa34f1598758839b9af87eae7f7ae6ea",
        "type": "github"
      },
      "original": {
        "owner": "NixOS",
        "ref": "nixpkgs-unstable",
        "repo": "nixpkgs",
        "type": "github"
      }
    },
    "nui": {
      "flake": false,
      "locked": {
        "lastModified": 1687107254,
        "narHash": "sha256-OFfkkFPkBJoVf9W6CL/AD5E4erPKYTMg069E1cI54DE=",
        "owner": "muniftanjim",
        "repo": "nui.nvim",
        "rev": "d146966a423e60699b084eeb28489fe3b6427599",
        "type": "github"
      },
      "original": {
        "owner": "muniftanjim",
        "repo": "nui.nvim",
        "type": "github"
      }
    },
    "null-ls": {
      "flake": false,
      "locked": {
        "lastModified": 1686871437,
        "narHash": "sha256-MxIZqyRW8jStiDNXt7Bsw8peDLKpqxKEaUuIJsXkGMI=",
        "owner": "jose-elias-alvarez",
        "repo": "null-ls.nvim",
        "rev": "bbaf5a96913aa92281f154b08732be2f57021c45",
        "type": "github"
      },
      "original": {
        "owner": "jose-elias-alvarez",
        "repo": "null-ls.nvim",
        "type": "github"
      }
    },
    "nvim-autopairs": {
      "flake": false,
      "locked": {
        "lastModified": 1687083034,
        "narHash": "sha256-x+9+KLkvwKQ+J4qCnBLpfN3VTlz+52oJ9p4VV/dHZ1I=",
        "owner": "windwp",
        "repo": "nvim-autopairs",
        "rev": "e8f7dd7a72de3e7b6626c050a802000e69d53ff0",
        "type": "github"
      },
      "original": {
        "owner": "windwp",
        "repo": "nvim-autopairs",
        "type": "github"
      }
    },
    "nvim-cmp": {
      "flake": false,
      "locked": {
        "lastModified": 1687494599,
        "narHash": "sha256-qRKhIpcF/26Xtq2T7ca608BbGaAd/AVybqvkEDwT4L8=",
        "owner": "hrsh7th",
        "repo": "nvim-cmp",
        "rev": "e1f1b40790a8cb7e64091fb12cc5ffe350363aa0",
        "type": "github"
      },
      "original": {
        "owner": "hrsh7th",
        "repo": "nvim-cmp",
        "type": "github"
      }
    },
    "nvim-dap": {
      "flake": false,
      "locked": {
        "lastModified": 1686769308,
        "narHash": "sha256-eS0E8GKSPek1LnR9bDvBZ7BtOS4sb1psrGwMJXkyMjw=",
        "owner": "mfussenegger",
        "repo": "nvim-dap",
        "rev": "a6d48d23407fbad7a4c1451803b8f34cab31c441",
        "type": "github"
      },
      "original": {
        "owner": "mfussenegger",
        "repo": "nvim-dap",
        "type": "github"
      }
    },
    "nvim-lspconfig": {
      "flake": false,
      "locked": {
        "lastModified": 1687509658,
        "narHash": "sha256-t3b57T/Pc0F+rLe954gNk7cfi0L76eTrDOfiNCt14Yo=",
        "owner": "neovim",
        "repo": "nvim-lspconfig",
        "rev": "b6b34b9acf84949f0ac1c00747765e62b81fb38d",
        "type": "github"
      },
      "original": {
        "owner": "neovim",
        "repo": "nvim-lspconfig",
        "type": "github"
      }
    },
    "nvim-snippy": {
      "flake": false,
      "locked": {
        "lastModified": 1684112762,
        "narHash": "sha256-nVVJADYxRcFH5NOKbONyQh9ImU8pAu/lLy9PPBjK/F0=",
        "owner": "dcampos",
        "repo": "nvim-snippy",
        "rev": "7b50933b44ebefc85bf1734eadc4fcfcbbc781c7",
        "type": "github"
      },
      "original": {
        "owner": "dcampos",
        "repo": "nvim-snippy",
        "type": "github"
      }
    },
    "nvim-surround": {
      "flake": false,
      "locked": {
        "lastModified": 1685464327,
        "narHash": "sha256-r3D5WTqEnIL1T3p7cmkRmBY8qgwFFJptM7BKNNsCT8k=",
        "owner": "kylechui",
        "repo": "nvim-surround",
        "rev": "10b20ca7d9da1ac8df8339e140ffef94f9ab3b18",
        "type": "github"
      },
      "original": {
        "owner": "kylechui",
        "repo": "nvim-surround",
        "type": "github"
      }
    },
    "nvim-treesitter": {
      "flake": false,
      "locked": {
        "lastModified": 1687764759,
        "narHash": "sha256-7ezNKeysvwn59DcQa5imYtrGlJjKPAWHy5C0rHnJuBg=",
        "owner": "nvim-treesitter",
        "repo": "nvim-treesitter",
        "rev": "d49ba798c95398e62321b40041e8ac4654fea251",
        "type": "github"
      },
      "original": {
        "owner": "nvim-treesitter",
        "repo": "nvim-treesitter",
        "type": "github"
      }
    },
    "nvim-treesitter-endwise": {
      "flake": false,
      "locked": {
        "lastModified": 1682894397,
        "narHash": "sha256-2JiLAaxnBLdv/eg3zKxsZXEiZQR1ZYKhGEhFu3BUBVo=",
        "owner": "RRethy",
        "repo": "nvim-treesitter-endwise",
        "rev": "944b0d85bb6817948eaaf78893cbb23c25641d8f",
        "type": "github"
      },
      "original": {
        "owner": "RRethy",
        "repo": "nvim-treesitter-endwise",
        "type": "github"
      }
    },
    "nvim-web-devicons": {
      "flake": false,
      "locked": {
        "lastModified": 1687651460,
        "narHash": "sha256-lN8LUgQ0sJDMByFkUmfVy6h2EVPAP3hqrwqE0++XgMQ=",
        "owner": "nvim-tree",
        "repo": "nvim-web-devicons",
        "rev": "9ab9b0b894b2388a9dbcdee5f00ce72e25d85bf9",
        "type": "github"
      },
      "original": {
        "owner": "nvim-tree",
        "repo": "nvim-web-devicons",
        "type": "github"
      }
    },
    "plenary": {
      "flake": false,
      "locked": {
        "lastModified": 1686422044,
        "narHash": "sha256-q7cWcedN/BViNWpIFRdnvQrs60vQICmboqi9y+cRH2Q=",
        "owner": "nvim-lua",
        "repo": "plenary.nvim",
        "rev": "36aaceb6e93addd20b1b18f94d86aecc552f30c4",
        "type": "github"
      },
      "original": {
        "owner": "nvim-lua",
        "repo": "plenary.nvim",
        "type": "github"
      }
    },
    "root": {
      "inputs": {
        "cmp-buffer": "cmp-buffer",
        "cmp-cmdline": "cmp-cmdline",
        "cmp-nvim-lsp": "cmp-nvim-lsp",
        "cmp-path": "cmp-path",
        "cmp-snippy": "cmp-snippy",
        "codegpt": "codegpt",
        "comment": "comment",
        "diffview": "diffview",
        "flake-utils": "flake-utils",
        "gitsigns": "gitsigns",
        "home-manager": "home-manager",
        "indent-blankline": "indent-blankline",
        "lualine": "lualine",
        "moonlight": "moonlight",
        "neo-tree": "neo-tree",
        "neogit": "neogit",
        "neorg": "neorg",
        "nightvim": "nightvim",
        "nixpkgs": "nixpkgs",
        "nui": "nui",
        "null-ls": "null-ls",
        "nvim-autopairs": "nvim-autopairs",
        "nvim-cmp": "nvim-cmp",
        "nvim-dap": "nvim-dap",
        "nvim-lspconfig": "nvim-lspconfig",
        "nvim-snippy": "nvim-snippy",
        "nvim-surround": "nvim-surround",
        "nvim-treesitter": "nvim-treesitter",
        "nvim-treesitter-endwise": "nvim-treesitter-endwise",
        "nvim-web-devicons": "nvim-web-devicons",
        "plenary": "plenary",
        "rust-tools": "rust-tools",
        "telescope": "telescope",
        "toggleterm": "toggleterm",
        "treesj": "treesj",
        "trouble": "trouble"
      }
    },
    "rust-tools": {
      "flake": false,
      "locked": {
        "lastModified": 1676929960,
        "narHash": "sha256-Cuk/vdoviB9ibt2rrkNRmNFy4S+6czhbExmIjTJRdZM=",
        "owner": "simrat39",
        "repo": "rust-tools.nvim",
        "rev": "71d2cf67b5ed120a0e31b2c8adb210dd2834242f",
        "type": "github"
      },
      "original": {
        "owner": "simrat39",
        "repo": "rust-tools.nvim",
        "type": "github"
      }
    },
    "systems": {
      "locked": {
        "lastModified": 1681028828,
        "narHash": "sha256-Vy1rq5AaRuLzOxct8nz4T6wlgyUR7zLU309k9mBC768=",
        "owner": "nix-systems",
        "repo": "default",
        "rev": "da67096a3b9bf56a91d16901293e51ba5b49a27e",
        "type": "github"
      },
      "original": {
        "owner": "nix-systems",
        "repo": "default",
        "type": "github"
      }
    },
    "telescope": {
      "flake": false,
      "locked": {
        "lastModified": 1687720575,
        "narHash": "sha256-BPDgzjPnDxKo1vN07CY8UC88cRpKYFqKwmMaXOaumL4=",
        "owner": "nvim-telescope",
        "repo": "telescope.nvim",
        "rev": "6074847b6ee4b725747c8fc540d9b6b128ac8a12",
        "type": "github"
      },
      "original": {
        "owner": "nvim-telescope",
        "repo": "telescope.nvim",
        "type": "github"
      }
    },
    "toggleterm": {
      "flake": false,
      "locked": {
        "lastModified": 1685434137,
        "narHash": "sha256-Qjhod1cmzAYuMl6Z0JlYtOq8CLdmQJ9esCwmynuzkYs=",
        "owner": "akinsho",
        "repo": "toggleterm.nvim",
        "rev": "cf146a267a6a7db62b1e2aff40414b20081048a1",
        "type": "github"
      },
      "original": {
        "owner": "akinsho",
        "repo": "toggleterm.nvim",
        "type": "github"
      }
    },
    "treesj": {
      "flake": false,
      "locked": {
        "lastModified": 1683702824,
        "narHash": "sha256-nkTi13BcM23GD8FakuUSOZZF5uOj3kVg3KIJkuml0VI=",
        "owner": "Wansmer",
        "repo": "treesj",
        "rev": "b1e2976c2d7ba922371cc7f3ab08b75136c27231",
        "type": "github"
      },
      "original": {
        "owner": "Wansmer",
        "repo": "treesj",
        "type": "github"
      }
    },
    "trouble": {
      "flake": false,
      "locked": {
        "lastModified": 1687594889,
        "narHash": "sha256-HvgCL5VTEuvFKLAs0f2zbVnetd5jAsgoYREqLMS+vkg=",
        "owner": "folke",
        "repo": "trouble.nvim",
        "rev": "d99e2abd10808ef91738ce98a5c767e6a51df449",
        "type": "github"
      },
      "original": {
        "owner": "folke",
        "repo": "trouble.nvim",
        "type": "github"
      }
    }
  },
  "root": "root",
  "version": 7
}
