{
  "nodes": {
    "aiken-neovim": {
      "flake": false,
      "locked": {
        "lastModified": 1764931480,
        "narHash": "sha256-1JlJlNfMmn2/BIz8rzy5+VJZ2gnjmxAiIG6Q5pB/ZDY=",
        "owner": "aiken-lang",
        "repo": "editor-integration-nvim",
        "rev": "7f4848e49d33ebc5aa0e0b594e3e2d8b6db23379",
        "type": "github"
      },
      "original": {
        "owner": "aiken-lang",
        "repo": "editor-integration-nvim",
        "type": "github"
      }
    },
    "blink-cmp": {
      "inputs": {
        "fenix": "fenix",
        "flake-parts": "flake-parts",
        "nixpkgs": [
          "nixpkgs"
        ]
      },
      "locked": {
        "lastModified": 1771866714,
        "narHash": "sha256-BAOap+1I+TKM+VTY3nVwvGMHy7lDV9nWPSiWoWPor4Y=",
        "owner": "saghen",
        "repo": "blink.cmp",
        "rev": "b650e976a927be6b46487a0a610b75af111376c5",
        "type": "github"
      },
      "original": {
        "owner": "saghen",
        "repo": "blink.cmp",
        "type": "github"
      }
    },
    "colorful-menu": {
      "flake": false,
      "locked": {
        "lastModified": 1764094358,
        "narHash": "sha256-hra7QFKWsIqtAWYNDqPv3tJUAsZfVmGTY3AQjeWvxaM=",
        "owner": "xzbdmw",
        "repo": "colorful-menu.nvim",
        "rev": "b51a659459df8d078201aefc995db8175ed55e84",
        "type": "github"
      },
      "original": {
        "owner": "xzbdmw",
        "repo": "colorful-menu.nvim",
        "type": "github"
      }
    },
    "comment": {
      "flake": false,
      "locked": {
        "lastModified": 1717957420,
        "narHash": "sha256-h0kPue5Eqd5aeu4VoLH45pF0DmWWo1d8SnLICSQ63zc=",
        "owner": "numtostr",
        "repo": "comment.nvim",
        "rev": "e30b7f2008e52442154b66f7c519bfd2f1e32acb",
        "type": "github"
      },
      "original": {
        "owner": "numtostr",
        "repo": "comment.nvim",
        "type": "github"
      }
    },
    "conform-nvim": {
      "flake": false,
      "locked": {
        "lastModified": 1771828519,
        "narHash": "sha256-G8aSYN23reYvN73+xDxa4XoYd8os2dsEaRgm78J6txo=",
        "owner": "stevearc",
        "repo": "conform.nvim",
        "rev": "e969e302bced7ffb9a0a0323629f31feb0ca35a6",
        "type": "github"
      },
      "original": {
        "owner": "stevearc",
        "repo": "conform.nvim",
        "type": "github"
      }
    },
    "crane": {
      "locked": {
        "lastModified": 1767744144,
        "narHash": "sha256-9/9ntI0D+HbN4G0TrK3KmHbTvwgswz7p8IEJsWyef8Q=",
        "owner": "ipetkov",
        "repo": "crane",
        "rev": "2fb033290bf6b23f226d4c8b32f7f7a16b043d7e",
        "type": "github"
      },
      "original": {
        "owner": "ipetkov",
        "repo": "crane",
        "type": "github"
      }
    },
    "fenix": {
      "inputs": {
        "nixpkgs": [
          "blink-cmp",
          "nixpkgs"
        ],
        "rust-analyzer-src": "rust-analyzer-src"
      },
      "locked": {
        "lastModified": 1770102568,
        "narHash": "sha256-VYwA9FmakKJ3zLfAd7bdj9xIB9PzfISLoYh6eZl+EuQ=",
        "owner": "nix-community",
        "repo": "fenix",
        "rev": "592daa37b5a3175c61541329b64d6c1972303bc1",
        "type": "github"
      },
      "original": {
        "owner": "nix-community",
        "repo": "fenix",
        "type": "github"
      }
    },
    "fff": {
      "inputs": {
        "crane": "crane",
        "flake-utils": [
          "flake-utils"
        ],
        "nixpkgs": [
          "nixpkgs"
        ],
        "rust-overlay": [
          "rust-overlay"
        ]
      },
      "locked": {
        "lastModified": 1772316787,
        "narHash": "sha256-ajcuisdE0dwnHqkDLODez8h2847TLH7NZIuta9lfplU=",
        "owner": "dmtrKovalenko",
        "repo": "fff.nvim",
        "rev": "c5a3f89c5eddfc2a6904b6fe4094029ef394fd1f",
        "type": "github"
      },
      "original": {
        "owner": "dmtrKovalenko",
        "repo": "fff.nvim",
        "type": "github"
      }
    },
    "flake-compat": {
      "flake": false,
      "locked": {
        "lastModified": 1767039857,
        "narHash": "sha256-vNpUSpF5Nuw8xvDLj2KCwwksIbjua2LZCqhV1LNRDns=",
        "owner": "NixOS",
        "repo": "flake-compat",
        "rev": "5edf11c44bc78a0d334f6334cdaf7d60d732daab",
        "type": "github"
      },
      "original": {
        "owner": "NixOS",
        "repo": "flake-compat",
        "type": "github"
      }
    },
    "flake-parts": {
      "inputs": {
        "nixpkgs-lib": "nixpkgs-lib"
      },
      "locked": {
        "lastModified": 1769996383,
        "narHash": "sha256-AnYjnFWgS49RlqX7LrC4uA+sCCDBj0Ry/WOJ5XWAsa0=",
        "owner": "hercules-ci",
        "repo": "flake-parts",
        "rev": "57928607ea566b5db3ad13af0e57e921e6b12381",
        "type": "github"
      },
      "original": {
        "owner": "hercules-ci",
        "repo": "flake-parts",
        "type": "github"
      }
    },
    "flake-utils": {
      "inputs": {
        "systems": "systems"
      },
      "locked": {
        "lastModified": 1731533236,
        "narHash": "sha256-l0KFg5HjrsfsO/JpG+r7fRrqm12kzFHyUHqHCVpMMbI=",
        "owner": "numtide",
        "repo": "flake-utils",
        "rev": "11707dc2f618dd54ca8739b309ec4fc024de578b",
        "type": "github"
      },
      "original": {
        "owner": "numtide",
        "repo": "flake-utils",
        "type": "github"
      }
    },
    "friendly-snippets": {
      "flake": false,
      "locked": {
        "lastModified": 1769182131,
        "narHash": "sha256-FzApcTbWfFkBD9WsYMhaCyn6ky8UmpUC2io/co/eByM=",
        "owner": "rafamadriz",
        "repo": "friendly-snippets",
        "rev": "6cd7280adead7f586db6fccbd15d2cac7e2188b9",
        "type": "github"
      },
      "original": {
        "owner": "rafamadriz",
        "repo": "friendly-snippets",
        "type": "github"
      }
    },
    "gitignore": {
      "inputs": {
        "nixpkgs": [
          "nixpkgs"
        ]
      },
      "locked": {
        "lastModified": 1762808025,
        "narHash": "sha256-XmjITeZNMTQXGhhww6ed/Wacy2KzD6svioyCX7pkUu4=",
        "owner": "hercules-ci",
        "repo": "gitignore.nix",
        "rev": "cb5e3fdca1de58ccbc3ef53de65bd372b48f567c",
        "type": "github"
      },
      "original": {
        "owner": "hercules-ci",
        "repo": "gitignore.nix",
        "type": "github"
      }
    },
    "gitsigns": {
      "flake": false,
      "locked": {
        "lastModified": 1770982544,
        "narHash": "sha256-8QF1pKMaWihW2N6WTy487LChTlg8LKNbDPLaeJv/VWw=",
        "owner": "lewis6991",
        "repo": "gitsigns.nvim",
        "rev": "9f3c6dd7868bcc116e9c1c1929ce063b978fa519",
        "type": "github"
      },
      "original": {
        "owner": "lewis6991",
        "repo": "gitsigns.nvim",
        "type": "github"
      }
    },
    "grug-far": {
      "flake": false,
      "locked": {
        "lastModified": 1772229628,
        "narHash": "sha256-ouAHhAw3+enRbif0cMRqGs84pn9Zi4tdAUxzVJ88Tcc=",
        "owner": "MagicDuck",
        "repo": "grug-far.nvim",
        "rev": "9370422e5cdd55321c0b8c4880082c5fd4e52e99",
        "type": "github"
      },
      "original": {
        "owner": "MagicDuck",
        "repo": "grug-far.nvim",
        "type": "github"
      }
    },
    "lean": {
      "flake": false,
      "locked": {
        "lastModified": 1772248966,
        "narHash": "sha256-Lhu6KanBHrmfE/xyZCBvDT5bFm8zYyw+OiLaucCXiGQ=",
        "owner": "Julian",
        "repo": "lean.nvim",
        "rev": "539facb84f490a0e859d82cebf5974e80a492edc",
        "type": "github"
      },
      "original": {
        "owner": "Julian",
        "repo": "lean.nvim",
        "type": "github"
      }
    },
    "lspconfig": {
      "flake": false,
      "locked": {
        "lastModified": 1772232833,
        "narHash": "sha256-kBUMraEK8L3jFSyJqozY+dZJ3eJj8AhBvIf0eHXaz2E=",
        "owner": "neovim",
        "repo": "nvim-lspconfig",
        "rev": "ead0f5f342d8d323441e7d4b88f0fc436a81ad5f",
        "type": "github"
      },
      "original": {
        "owner": "neovim",
        "repo": "nvim-lspconfig",
        "type": "github"
      }
    },
    "lspkind": {
      "flake": false,
      "locked": {
        "lastModified": 1769689909,
        "narHash": "sha256-aIopYLm/x1CgCKpcsu9pxpqL0SXXhHDPTM8DKUwGeRw=",
        "owner": "onsails",
        "repo": "lspkind-nvim",
        "rev": "c7274c48137396526b59d86232eabcdc7fed8a32",
        "type": "github"
      },
      "original": {
        "owner": "onsails",
        "repo": "lspkind-nvim",
        "type": "github"
      }
    },
    "lualine": {
      "flake": false,
      "locked": {
        "lastModified": 1763865090,
        "narHash": "sha256-OpLZH+sL5cj2rcP5/T+jDOnuxd1QWLHCt2RzloffZOA=",
        "owner": "nvim-lualine",
        "repo": "lualine.nvim",
        "rev": "47f91c416daef12db467145e16bed5bbfe00add8",
        "type": "github"
      },
      "original": {
        "owner": "nvim-lualine",
        "repo": "lualine.nvim",
        "type": "github"
      }
    },
    "nixpkgs": {
      "locked": {
        "lastModified": 1772173633,
        "narHash": "sha256-MOH58F4AIbCkh6qlQcwMycyk5SWvsqnS/TCfnqDlpj4=",
        "owner": "NixOS",
        "repo": "nixpkgs",
        "rev": "c0f3d81a7ddbc2b1332be0d8481a672b4f6004d6",
        "type": "github"
      },
      "original": {
        "owner": "NixOS",
        "ref": "nixpkgs-unstable",
        "repo": "nixpkgs",
        "type": "github"
      }
    },
    "nixpkgs-lib": {
      "locked": {
        "lastModified": 1769909678,
        "narHash": "sha256-cBEymOf4/o3FD5AZnzC3J9hLbiZ+QDT/KDuyHXVJOpM=",
        "owner": "nix-community",
        "repo": "nixpkgs.lib",
        "rev": "72716169fe93074c333e8d0173151350670b824c",
        "type": "github"
      },
      "original": {
        "owner": "nix-community",
        "repo": "nixpkgs.lib",
        "type": "github"
      }
    },
    "nvim-autopairs": {
      "flake": false,
      "locked": {
        "lastModified": 1769736942,
        "narHash": "sha256-0IqXpxKCzqVz6i9QajPYJ0FdfReHQBhehrvN89/8n6U=",
        "owner": "windwp",
        "repo": "nvim-autopairs",
        "rev": "59bce2eef357189c3305e25bc6dd2d138c1683f5",
        "type": "github"
      },
      "original": {
        "owner": "windwp",
        "repo": "nvim-autopairs",
        "type": "github"
      }
    },
    "nvim-treesitter": {
      "flake": false,
      "locked": {
        "lastModified": 1772262654,
        "narHash": "sha256-3Cn6fyW+UikEZ0jYkM3tPEdW1+gK+1sb5m5EG2S+GtA=",
        "owner": "nvim-treesitter",
        "repo": "nvim-treesitter",
        "rev": "6bc51d020a5e06b7e20ea82dbc47196d3d3027c7",
        "type": "github"
      },
      "original": {
        "owner": "nvim-treesitter",
        "repo": "nvim-treesitter",
        "type": "github"
      }
    },
    "nvim-treesitter-endwise": {
      "flake": false,
      "locked": {
        "lastModified": 1767007663,
        "narHash": "sha256-5l2XF8/sk94IWAauP1VDh4ylLcR5gXnoWCT01TjmHBc=",
        "owner": "RRethy",
        "repo": "nvim-treesitter-endwise",
        "rev": "8fe8a95630f4f2c72a87ba1927af649e0bfaa244",
        "type": "github"
      },
      "original": {
        "owner": "RRethy",
        "repo": "nvim-treesitter-endwise",
        "type": "github"
      }
    },
    "nvim-web-devicons": {
      "flake": false,
      "locked": {
        "lastModified": 1772057698,
        "narHash": "sha256-bsOA40ghx7gYFXKfOOlE5w91YNiqxGJxAVivjXkYZgA=",
        "owner": "nvim-tree",
        "repo": "nvim-web-devicons",
        "rev": "737cf6c657898d0c697311d79d361288a1343d50",
        "type": "github"
      },
      "original": {
        "owner": "nvim-tree",
        "repo": "nvim-web-devicons",
        "type": "github"
      }
    },
    "obsidian-nvim": {
      "flake": false,
      "locked": {
        "lastModified": 1771455762,
        "narHash": "sha256-zS6pX05kGFEsKlHef6xkfqIBCtNPbgbNKvzqj8ld5KM=",
        "owner": "obsidian-nvim",
        "repo": "obsidian.nvim",
        "rev": "20432a5ca03d99a9d5ad51d362e19d9b832e46f0",
        "type": "github"
      },
      "original": {
        "owner": "obsidian-nvim",
        "repo": "obsidian.nvim",
        "type": "github"
      }
    },
    "plenary": {
      "flake": false,
      "locked": {
        "lastModified": 1753570668,
        "narHash": "sha256-9Un7ekhBxcnmFE1xjCCFTZ7eqIbmXvQexpnhduAg4M0=",
        "owner": "nvim-lua",
        "repo": "plenary.nvim",
        "rev": "b9fd5226c2f76c951fc8ed5923d85e4de065e509",
        "type": "github"
      },
      "original": {
        "owner": "nvim-lua",
        "repo": "plenary.nvim",
        "type": "github"
      }
    },
    "pre-commit-hooks": {
      "inputs": {
        "flake-compat": "flake-compat",
        "gitignore": [
          "gitignore"
        ],
        "nixpkgs": [
          "nixpkgs"
        ]
      },
      "locked": {
        "lastModified": 1772024342,
        "narHash": "sha256-+eXlIc4/7dE6EcPs9a2DaSY3fTA9AE526hGqkNID3Wg=",
        "owner": "cachix",
        "repo": "pre-commit-hooks.nix",
        "rev": "6e34e97ed9788b17796ee43ccdbaf871a5c2b476",
        "type": "github"
      },
      "original": {
        "owner": "cachix",
        "repo": "pre-commit-hooks.nix",
        "type": "github"
      }
    },
    "rainbow-delimiters": {
      "flake": false,
      "locked": {
        "lastModified": 1771971931,
        "narHash": "sha256-DHzdssZkkegR3pk3X0jwGJy5G/BZ/TAGPoNCqo9OnOc=",
        "owner": "HiPhish",
        "repo": "rainbow-delimiters.nvim",
        "rev": "01993eb20c6cdc1d33e7e98252368840309f99b9",
        "type": "gitlab"
      },
      "original": {
        "owner": "HiPhish",
        "repo": "rainbow-delimiters.nvim",
        "type": "gitlab"
      }
    },
    "render-markdown": {
      "flake": false,
      "locked": {
        "lastModified": 1771787794,
        "narHash": "sha256-hf+qhBaMUOXf7xGhLcsomj5f85eHS7iI8sFkwW2sN3c=",
        "owner": "MeanderingProgrammer",
        "repo": "render-markdown.nvim",
        "rev": "1c958131c083c8557ea499fdb08c88b8afb05c4e",
        "type": "github"
      },
      "original": {
        "owner": "MeanderingProgrammer",
        "repo": "render-markdown.nvim",
        "type": "github"
      }
    },
    "root": {
      "inputs": {
        "aiken-neovim": "aiken-neovim",
        "blink-cmp": "blink-cmp",
        "colorful-menu": "colorful-menu",
        "comment": "comment",
        "conform-nvim": "conform-nvim",
        "fff": "fff",
        "flake-utils": "flake-utils",
        "friendly-snippets": "friendly-snippets",
        "gitignore": "gitignore",
        "gitsigns": "gitsigns",
        "grug-far": "grug-far",
        "lean": "lean",
        "lspconfig": "lspconfig",
        "lspkind": "lspkind",
        "lualine": "lualine",
        "nixpkgs": "nixpkgs",
        "nvim-autopairs": "nvim-autopairs",
        "nvim-treesitter": "nvim-treesitter",
        "nvim-treesitter-endwise": "nvim-treesitter-endwise",
        "nvim-web-devicons": "nvim-web-devicons",
        "obsidian-nvim": "obsidian-nvim",
        "plenary": "plenary",
        "pre-commit-hooks": "pre-commit-hooks",
        "rainbow-delimiters": "rainbow-delimiters",
        "render-markdown": "render-markdown",
        "rust-overlay": "rust-overlay",
        "rustacean": "rustacean",
        "snacks": "snacks",
        "surround": "surround",
        "telescope": "telescope",
        "toggleterm-nvim": "toggleterm-nvim",
        "tokyonight": "tokyonight",
        "treefmt-nix": "treefmt-nix",
        "treesj": "treesj",
        "trouble": "trouble",
        "which-key": "which-key"
      }
    },
    "rust-analyzer-src": {
      "flake": false,
      "locked": {
        "lastModified": 1770026591,
        "narHash": "sha256-VZlloygYDmozJwbZZkCSNpiPhNdOW/AA0b6LmNBZ3xU=",
        "owner": "rust-lang",
        "repo": "rust-analyzer",
        "rev": "74eca73f3b0a41b80228b8e499c7547cc8b2effa",
        "type": "github"
      },
      "original": {
        "owner": "rust-lang",
        "ref": "nightly",
        "repo": "rust-analyzer",
        "type": "github"
      }
    },
    "rust-overlay": {
      "inputs": {
        "nixpkgs": [
          "nixpkgs"
        ]
      },
      "locked": {
        "lastModified": 1772247314,
        "narHash": "sha256-x6IFQ9bL7YYfW2m2z8D3Em2YtAA3HE8kiCFwai2fwrw=",
        "owner": "oxalica",
        "repo": "rust-overlay",
        "rev": "a1ab5e89ab12e1a37c0b264af6386a7472d68a15",
        "type": "github"
      },
      "original": {
        "owner": "oxalica",
        "repo": "rust-overlay",
        "type": "github"
      }
    },
    "rustacean": {
      "flake": false,
      "locked": {
        "lastModified": 1772016312,
        "narHash": "sha256-ry7qmycfVtu7PHp68t4M3u15l67qG6rGTf0pXFAwAr8=",
        "owner": "mrcjkb",
        "repo": "rustaceanvim",
        "rev": "d50597d482a6f44ddfc54d1af2f69f052053b4de",
        "type": "github"
      },
      "original": {
        "owner": "mrcjkb",
        "repo": "rustaceanvim",
        "type": "github"
      }
    },
    "snacks": {
      "flake": false,
      "locked": {
        "lastModified": 1763464072,
        "narHash": "sha256-vRedYg29QGPGW0hOX9qbRSIImh1d/SoDZHImDF2oqKM=",
        "owner": "folke",
        "repo": "snacks.nvim",
        "rev": "fe7cfe9800a182274d0f868a74b7263b8c0c020b",
        "type": "github"
      },
      "original": {
        "owner": "folke",
        "repo": "snacks.nvim",
        "type": "github"
      }
    },
    "surround": {
      "flake": false,
      "locked": {
        "lastModified": 1772074833,
        "narHash": "sha256-UDv1YcNfk9IfRfxg0fNDxvfB0HhEswXBdnIQXXTYkRo=",
        "owner": "kylechui",
        "repo": "nvim-surround",
        "rev": "ce4ad4a8909d7f4537803c8f09b79e78c49a6cc4",
        "type": "github"
      },
      "original": {
        "owner": "kylechui",
        "repo": "nvim-surround",
        "type": "github"
      }
    },
    "systems": {
      "locked": {
        "lastModified": 1681028828,
        "narHash": "sha256-Vy1rq5AaRuLzOxct8nz4T6wlgyUR7zLU309k9mBC768=",
        "owner": "nix-systems",
        "repo": "default",
        "rev": "da67096a3b9bf56a91d16901293e51ba5b49a27e",
        "type": "github"
      },
      "original": {
        "owner": "nix-systems",
        "repo": "default",
        "type": "github"
      }
    },
    "telescope": {
      "flake": false,
      "locked": {
        "lastModified": 1771233889,
        "narHash": "sha256-dOU6nQaq4W3KZrC2o2wv0NJ2LNWJgvuoNyWOYP2i4vo=",
        "owner": "nvim-telescope",
        "repo": "telescope.nvim",
        "rev": "5255aa27c422de944791318024167ad5d40aad20",
        "type": "github"
      },
      "original": {
        "owner": "nvim-telescope",
        "repo": "telescope.nvim",
        "type": "github"
      }
    },
    "toggleterm-nvim": {
      "flake": false,
      "locked": {
        "lastModified": 1741512039,
        "narHash": "sha256-fytbX+L12TK45YKFU9K+iFJcDrwboKabihc2LtX29J4=",
        "owner": "akinsho",
        "repo": "toggleterm.nvim",
        "rev": "9a88eae817ef395952e08650b3283726786fb5fb",
        "type": "github"
      },
      "original": {
        "owner": "akinsho",
        "repo": "toggleterm.nvim",
        "type": "github"
      }
    },
    "tokyonight": {
      "flake": false,
      "locked": {
        "lastModified": 1762332530,
        "narHash": "sha256-4zfkv3egdWJ/GCWUehV0MAIXxsrGT82Wd1Qqj1SCGOk=",
        "owner": "folke",
        "repo": "tokyonight.nvim",
        "rev": "5da1b76e64daf4c5d410f06bcb6b9cb640da7dfd",
        "type": "github"
      },
      "original": {
        "owner": "folke",
        "repo": "tokyonight.nvim",
        "type": "github"
      }
    },
    "treefmt-nix": {
      "inputs": {
        "nixpkgs": [
          "nixpkgs"
        ]
      },
      "locked": {
        "lastModified": 1770228511,
        "narHash": "sha256-wQ6NJSuFqAEmIg2VMnLdCnUc0b7vslUohqqGGD+Fyxk=",
        "owner": "numtide",
        "repo": "treefmt-nix",
        "rev": "337a4fe074be1042a35086f15481d763b8ddc0e7",
        "type": "github"
      },
      "original": {
        "owner": "numtide",
        "repo": "treefmt-nix",
        "type": "github"
      }
    },
    "treesj": {
      "flake": false,
      "locked": {
        "lastModified": 1765194442,
        "narHash": "sha256-Vkt7ympm2STblNd0zGu9LB2XuLbno3PirAPIABKKCOc=",
        "owner": "Wansmer",
        "repo": "treesj",
        "rev": "186084dee5e9c8eec40f6e39481c723dd567cb05",
        "type": "github"
      },
      "original": {
        "owner": "Wansmer",
        "repo": "treesj",
        "type": "github"
      }
    },
    "trouble": {
      "flake": false,
      "locked": {
        "lastModified": 1761919011,
        "narHash": "sha256-6U/KWjvRMxWIxcsI2xNU/ltfgkaFG4E3BdzC7brK/DI=",
        "owner": "folke",
        "repo": "trouble.nvim",
        "rev": "bd67efe408d4816e25e8491cc5ad4088e708a69a",
        "type": "github"
      },
      "original": {
        "owner": "folke",
        "repo": "trouble.nvim",
        "type": "github"
      }
    },
    "which-key": {
      "flake": false,
      "locked": {
        "lastModified": 1761664528,
        "narHash": "sha256-rKaYnXM4gRkkF/+xIFm2oCZwtAU6CeTdRWU93N+Jmbc=",
        "owner": "folke",
        "repo": "which-key.nvim",
        "rev": "3aab2147e74890957785941f0c1ad87d0a44c15a",
        "type": "github"
      },
      "original": {
        "owner": "folke",
        "repo": "which-key.nvim",
        "type": "github"
      }
    }
  },
  "root": "root",
  "version": 7
}
