{
  "nodes": {
    "aiken-neovim": {
      "flake": false,
      "locked": {
        "lastModified": 1729583399,
        "narHash": "sha256-v6/6oAPOgvMHpULDSyN1KzOf33q92Wri2BcqcuHGJzI=",
        "owner": "aiken-lang",
        "repo": "editor-integration-nvim",
        "rev": "a816a1f171a5d53c9e5dcba6f6823f5d5e51d559",
        "type": "github"
      },
      "original": {
        "owner": "aiken-lang",
        "repo": "editor-integration-nvim",
        "type": "github"
      }
    },
    "avante-nvim": {
      "flake": false,
      "locked": {
        "lastModified": 1739507319,
        "narHash": "sha256-kV2Ra2v1TqRcQbwCPJ3OOFESkdwhcJXsDv5B/Cyf9Es=",
        "owner": "yetone",
        "repo": "avante.nvim",
        "rev": "c60dc6c316414c2adf5bb61624719d76accab22f",
        "type": "github"
      },
      "original": {
        "owner": "yetone",
        "repo": "avante.nvim",
        "type": "github"
      }
    },
    "blink-cmp": {
      "inputs": {
        "fenix": "fenix",
        "flake-parts": "flake-parts",
        "nixpkgs": [
          "nixpkgs"
        ]
      },
      "locked": {
        "lastModified": 1739563634,
        "narHash": "sha256-6O3dK237HIAQCTyS72Kfr+JUu2vYSn69hpzCoRoV3qw=",
        "owner": "saghen",
        "repo": "blink.cmp",
        "rev": "9e95af47ea25d396405a67d5b298446959f3e4b9",
        "type": "github"
      },
      "original": {
        "owner": "saghen",
        "repo": "blink.cmp",
        "type": "github"
      }
    },
    "catppuccin-nvim": {
      "flake": false,
      "locked": {
        "lastModified": 1739360416,
        "narHash": "sha256-xMwMBtnmmKRSiFSsEVp+2wZhr0lvOW2r0KayffMlUX0=",
        "owner": "catppuccin",
        "repo": "nvim",
        "rev": "0b2437bcc12b4021614dc41fcea9d0f136d94063",
        "type": "github"
      },
      "original": {
        "owner": "catppuccin",
        "repo": "nvim",
        "type": "github"
      }
    },
    "comment": {
      "flake": false,
      "locked": {
        "lastModified": 1717957420,
        "narHash": "sha256-h0kPue5Eqd5aeu4VoLH45pF0DmWWo1d8SnLICSQ63zc=",
        "owner": "numtostr",
        "repo": "comment.nvim",
        "rev": "e30b7f2008e52442154b66f7c519bfd2f1e32acb",
        "type": "github"
      },
      "original": {
        "owner": "numtostr",
        "repo": "comment.nvim",
        "type": "github"
      }
    },
    "conform-nvim": {
      "flake": false,
      "locked": {
        "lastModified": 1739484385,
        "narHash": "sha256-llspBo91iGvO/fmpttX2Gm70bUseMeAhXLAzJ+qdOYw=",
        "owner": "stevearc",
        "repo": "conform.nvim",
        "rev": "8ed162b0637d4c4f69ebe3e8e49b35662a82e137",
        "type": "github"
      },
      "original": {
        "owner": "stevearc",
        "repo": "conform.nvim",
        "type": "github"
      }
    },
    "dressing": {
      "flake": false,
      "locked": {
        "lastModified": 1739381641,
        "narHash": "sha256-dBz+/gZA6O6fJy/GSgM6ZHGAR3MTGt/W1olzzTYRlgM=",
        "owner": "stevearc",
        "repo": "dressing.nvim",
        "rev": "2d7c2db2507fa3c4956142ee607431ddb2828639",
        "type": "github"
      },
      "original": {
        "owner": "stevearc",
        "repo": "dressing.nvim",
        "type": "github"
      }
    },
    "fenix": {
      "inputs": {
        "nixpkgs": [
          "blink-cmp",
          "nixpkgs"
        ],
        "rust-analyzer-src": "rust-analyzer-src"
      },
      "locked": {
        "lastModified": 1734676450,
        "narHash": "sha256-iwcxhTVe4h5TqW0HsNiOQP27eMBmbBshF+q2UjEy5aU=",
        "owner": "nix-community",
        "repo": "fenix",
        "rev": "46e19fa0eb3260b2c3ee5b2cf89e73343c1296ab",
        "type": "github"
      },
      "original": {
        "owner": "nix-community",
        "repo": "fenix",
        "type": "github"
      }
    },
    "flake-compat": {
      "flake": false,
      "locked": {
        "lastModified": 1696426674,
        "narHash": "sha256-kvjfFW7WAETZlt09AgDn1MrtKzP7t90Vf7vypd3OL1U=",
        "owner": "edolstra",
        "repo": "flake-compat",
        "rev": "0f9255e01c2351cc7d116c072cb317785dd33b33",
        "type": "github"
      },
      "original": {
        "owner": "edolstra",
        "repo": "flake-compat",
        "type": "github"
      }
    },
    "flake-parts": {
      "inputs": {
        "nixpkgs-lib": "nixpkgs-lib"
      },
      "locked": {
        "lastModified": 1733312601,
        "narHash": "sha256-4pDvzqnegAfRkPwO3wmwBhVi/Sye1mzps0zHWYnP88c=",
        "owner": "hercules-ci",
        "repo": "flake-parts",
        "rev": "205b12d8b7cd4802fbcb8e8ef6a0f1408781a4f9",
        "type": "github"
      },
      "original": {
        "owner": "hercules-ci",
        "repo": "flake-parts",
        "type": "github"
      }
    },
    "flake-utils": {
      "inputs": {
        "systems": "systems"
      },
      "locked": {
        "lastModified": 1731533236,
        "narHash": "sha256-l0KFg5HjrsfsO/JpG+r7fRrqm12kzFHyUHqHCVpMMbI=",
        "owner": "numtide",
        "repo": "flake-utils",
        "rev": "11707dc2f618dd54ca8739b309ec4fc024de578b",
        "type": "github"
      },
      "original": {
        "owner": "numtide",
        "repo": "flake-utils",
        "type": "github"
      }
    },
    "friendly-snippets": {
      "flake": false,
      "locked": {
        "lastModified": 1733106470,
        "narHash": "sha256-I8SRZxnoNC6SOWW+scoA77Jwyxcb4eUczppLdyOiZe0=",
        "owner": "rafamadriz",
        "repo": "friendly-snippets",
        "rev": "efff286dd74c22f731cdec26a70b46e5b203c619",
        "type": "github"
      },
      "original": {
        "owner": "rafamadriz",
        "repo": "friendly-snippets",
        "type": "github"
      }
    },
    "gitignore": {
      "inputs": {
        "nixpkgs": [
          "nixpkgs"
        ]
      },
      "locked": {
        "lastModified": 1709087332,
        "narHash": "sha256-HG2cCnktfHsKV0s4XW83gU3F57gaTljL9KNSuG6bnQs=",
        "owner": "hercules-ci",
        "repo": "gitignore.nix",
        "rev": "637db329424fd7e46cf4185293b9cc8c88c95394",
        "type": "github"
      },
      "original": {
        "owner": "hercules-ci",
        "repo": "gitignore.nix",
        "type": "github"
      }
    },
    "gitsigns": {
      "flake": false,
      "locked": {
        "lastModified": 1739295111,
        "narHash": "sha256-jYB6EIyRUHvXC1rCW0FqyFoPWd766gB/bbZlZdae6KI=",
        "owner": "lewis6991",
        "repo": "gitsigns.nvim",
        "rev": "2bc3b472bbc2484214549af4d9f38c127b886a55",
        "type": "github"
      },
      "original": {
        "owner": "lewis6991",
        "repo": "gitsigns.nvim",
        "type": "github"
      }
    },
    "grug-far": {
      "flake": false,
      "locked": {
        "lastModified": 1738443197,
        "narHash": "sha256-1FQHvnGMYEFmGPC+g3jdOl/dT6GQtO0sYen5XIabnpE=",
        "owner": "MagicDuck",
        "repo": "grug-far.nvim",
        "rev": "3a8690461afac34c0e5bacb0f7b4bc3066aab665",
        "type": "github"
      },
      "original": {
        "owner": "MagicDuck",
        "repo": "grug-far.nvim",
        "type": "github"
      }
    },
    "indent-blankline": {
      "flake": false,
      "locked": {
        "lastModified": 1737369467,
        "narHash": "sha256-0+boInVEzS2myYil/l+frs8PAa/2eJcVTyXnEk6TGvI=",
        "owner": "lukas-reineke",
        "repo": "indent-blankline.nvim",
        "rev": "e10626f7fcd51ccd56d7ffc00883ba7e0aa28f78",
        "type": "github"
      },
      "original": {
        "owner": "lukas-reineke",
        "repo": "indent-blankline.nvim",
        "type": "github"
      }
    },
    "lspconfig": {
      "flake": false,
      "locked": {
        "lastModified": 1739550566,
        "narHash": "sha256-HY68FeThIYpRWiMQpFy5kVrXdPt/cjZbjgE9NOxo/ak=",
        "owner": "neovim",
        "repo": "nvim-lspconfig",
        "rev": "7af2c37192deae28d1305ae9e68544f7fb5408e1",
        "type": "github"
      },
      "original": {
        "owner": "neovim",
        "repo": "nvim-lspconfig",
        "type": "github"
      }
    },
    "lspkind": {
      "flake": false,
      "locked": {
        "lastModified": 1733408701,
        "narHash": "sha256-OCvKUBGuzwy8OWOL1x3Z3fo+0+GyBMI9TX41xSveqvE=",
        "owner": "onsails",
        "repo": "lspkind-nvim",
        "rev": "d79a1c3299ad0ef94e255d045bed9fa26025dab6",
        "type": "github"
      },
      "original": {
        "owner": "onsails",
        "repo": "lspkind-nvim",
        "type": "github"
      }
    },
    "lualine": {
      "flake": false,
      "locked": {
        "lastModified": 1738997087,
        "narHash": "sha256-uAxe3UdNUVfdpQcKvGvQ/E2blGksvMPlTBfEOtgeVYo=",
        "owner": "nvim-lualine",
        "repo": "lualine.nvim",
        "rev": "f4f791f67e70d378a754d02da068231d2352e5bc",
        "type": "github"
      },
      "original": {
        "owner": "nvim-lualine",
        "repo": "lualine.nvim",
        "type": "github"
      }
    },
    "neotest": {
      "flake": false,
      "locked": {
        "lastModified": 1735832062,
        "narHash": "sha256-OITV9BUgNZqJh2iJM7K57NkBPKjUaCrE9htbl3NWfSU=",
        "owner": "nvim-neotest",
        "repo": "neotest",
        "rev": "d66cf4e05a116957f0d3a7755a24291c7d1e1f72",
        "type": "github"
      },
      "original": {
        "owner": "nvim-neotest",
        "repo": "neotest",
        "type": "github"
      }
    },
    "nio": {
      "flake": false,
      "locked": {
        "lastModified": 1737405073,
        "narHash": "sha256-eDbzJAGdUBhTwuD0Nt9FihZj1MmVdQfn/GKIybuu5a8=",
        "owner": "nvim-neotest",
        "repo": "nvim-nio",
        "rev": "21f5324bfac14e22ba26553caf69ec76ae8a7662",
        "type": "github"
      },
      "original": {
        "owner": "nvim-neotest",
        "repo": "nvim-nio",
        "type": "github"
      }
    },
    "nixpkgs": {
      "locked": {
        "lastModified": 1739451785,
        "narHash": "sha256-3ebRdThRic9bHMuNi2IAA/ek9b32bsy8F5R4SvGTIog=",
        "owner": "NixOS",
        "repo": "nixpkgs",
        "rev": "1128e89fd5e11bb25aedbfc287733c6502202ea9",
        "type": "github"
      },
      "original": {
        "owner": "NixOS",
        "ref": "nixpkgs-unstable",
        "repo": "nixpkgs",
        "type": "github"
      }
    },
    "nixpkgs-lib": {
      "locked": {
        "lastModified": 1733096140,
        "narHash": "sha256-1qRH7uAUsyQI7R1Uwl4T+XvdNv778H0Nb5njNrqvylY=",
        "type": "tarball",
        "url": "https://github.com/NixOS/nixpkgs/archive/5487e69da40cbd611ab2cadee0b4637225f7cfae.tar.gz"
      },
      "original": {
        "type": "tarball",
        "url": "https://github.com/NixOS/nixpkgs/archive/5487e69da40cbd611ab2cadee0b4637225f7cfae.tar.gz"
      }
    },
    "nui": {
      "flake": false,
      "locked": {
        "lastModified": 1733856815,
        "narHash": "sha256-6U7E/i5FuNXQy+sF4C5DVxuTPqNKD5wxUgFohpOjm9Q=",
        "owner": "MunifTanjim",
        "repo": "nui.nvim",
        "rev": "53e907ffe5eedebdca1cd503b00aa8692068ca46",
        "type": "github"
      },
      "original": {
        "owner": "MunifTanjim",
        "repo": "nui.nvim",
        "type": "github"
      }
    },
    "nvim-autopairs": {
      "flake": false,
      "locked": {
        "lastModified": 1739522212,
        "narHash": "sha256-FUnYZWSJh5wAfXevH+nK+g/s4WhnzwxbW6a3gUDQI6o=",
        "owner": "windwp",
        "repo": "nvim-autopairs",
        "rev": "68f0e5c3dab23261a945272032ee6700af86227a",
        "type": "github"
      },
      "original": {
        "owner": "windwp",
        "repo": "nvim-autopairs",
        "type": "github"
      }
    },
    "nvim-notify": {
      "flake": false,
      "locked": {
        "lastModified": 1737405174,
        "narHash": "sha256-6vNfc7E9DMXF0IBXJCLA8Rp+uOgbDch/Q7beW0ys3Vo=",
        "owner": "rcarriga",
        "repo": "nvim-notify",
        "rev": "22f29093eae7785773ee9d543f8750348b1a195c",
        "type": "github"
      },
      "original": {
        "owner": "rcarriga",
        "repo": "nvim-notify",
        "type": "github"
      }
    },
    "nvim-tree": {
      "flake": false,
      "locked": {
        "lastModified": 1739135162,
        "narHash": "sha256-EprjYnY3cr2l+hEeVrf58yUl0mC60HQUmngHxoJo+KA=",
        "owner": "nvim-tree",
        "repo": "nvim-tree.lua",
        "rev": "80523101f0ae48b7f1990e907b685a3d79776c01",
        "type": "github"
      },
      "original": {
        "owner": "nvim-tree",
        "repo": "nvim-tree.lua",
        "type": "github"
      }
    },
    "nvim-treesitter": {
      "flake": false,
      "locked": {
        "lastModified": 1739515961,
        "narHash": "sha256-+N6/PvnbAXKngY9P5fFbq99s/qsyRXQzop0cYgS1rDk=",
        "owner": "nvim-treesitter",
        "repo": "nvim-treesitter",
        "rev": "80e6de9d24eec68d82d5f4e6feae94c9c753ebd6",
        "type": "github"
      },
      "original": {
        "owner": "nvim-treesitter",
        "repo": "nvim-treesitter",
        "type": "github"
      }
    },
    "nvim-treesitter-endwise": {
      "flake": false,
      "locked": {
        "lastModified": 1739127749,
        "narHash": "sha256-jgS/yW85fBR7ldOJcpr8qOnAzCk3jNtA9vpYq+jYBpE=",
        "owner": "RRethy",
        "repo": "nvim-treesitter-endwise",
        "rev": "cb718aab7fa66e43187674e875713097492a6618",
        "type": "github"
      },
      "original": {
        "owner": "RRethy",
        "repo": "nvim-treesitter-endwise",
        "type": "github"
      }
    },
    "nvim-treesitter-just": {
      "flake": false,
      "locked": {
        "lastModified": 1736117731,
        "narHash": "sha256-FwEuH/2R745jsuFaVGNeUTv65xW+MPjbcakRNcAWfZU=",
        "owner": "IndianBoy42",
        "repo": "tree-sitter-just",
        "rev": "bb0c898a80644de438e6efe5d88d30bf092935cd",
        "type": "github"
      },
      "original": {
        "owner": "IndianBoy42",
        "repo": "tree-sitter-just",
        "type": "github"
      }
    },
    "nvim-web-devicons": {
      "flake": false,
      "locked": {
        "lastModified": 1739285356,
        "narHash": "sha256-WOFtHvNlPP1JRLdCfFRXEOUx+1z5d5ncm+pS0wpDjAg=",
        "owner": "nvim-tree",
        "repo": "nvim-web-devicons",
        "rev": "1020869742ecb191f260818234517f4a1515cfe8",
        "type": "github"
      },
      "original": {
        "owner": "nvim-tree",
        "repo": "nvim-web-devicons",
        "type": "github"
      }
    },
    "obsidian-nvim": {
      "flake": false,
      "locked": {
        "lastModified": 1722536347,
        "narHash": "sha256-mbq7fAPmlwOAbWlN3lGX9WGBKTV8cAPZx8pnRCyszJc=",
        "owner": "epwalsh",
        "repo": "obsidian.nvim",
        "rev": "14e0427bef6c55da0d63f9a313fd9941be3a2479",
        "type": "github"
      },
      "original": {
        "owner": "epwalsh",
        "repo": "obsidian.nvim",
        "type": "github"
      }
    },
    "plenary": {
      "flake": false,
      "locked": {
        "lastModified": 1739311008,
        "narHash": "sha256-8FV5RjF7QbDmQOQynpK7uRKONKbPRYbOPugf9ZxNvUs=",
        "owner": "nvim-lua",
        "repo": "plenary.nvim",
        "rev": "857c5ac632080dba10aae49dba902ce3abf91b35",
        "type": "github"
      },
      "original": {
        "owner": "nvim-lua",
        "repo": "plenary.nvim",
        "type": "github"
      }
    },
    "pre-commit-hooks": {
      "inputs": {
        "flake-compat": "flake-compat",
        "gitignore": [
          "gitignore"
        ],
        "nixpkgs": [
          "nixpkgs"
        ]
      },
      "locked": {
        "lastModified": 1737465171,
        "narHash": "sha256-R10v2hoJRLq8jcL4syVFag7nIGE7m13qO48wRIukWNg=",
        "owner": "cachix",
        "repo": "pre-commit-hooks.nix",
        "rev": "9364dc02281ce2d37a1f55b6e51f7c0f65a75f17",
        "type": "github"
      },
      "original": {
        "owner": "cachix",
        "repo": "pre-commit-hooks.nix",
        "type": "github"
      }
    },
    "rainbow-delimiters": {
      "flake": false,
      "locked": {
        "lastModified": 1739386719,
        "narHash": "sha256-TjmtlTyiWYVQGqNYrbdsj+nFy1viHDgZGCvd5hTJUCw=",
        "owner": "HiPhish",
        "repo": "rainbow-delimiters.nvim",
        "rev": "011d98eaa3a73b5a51d82ce5bc6b1397dde95562",
        "type": "gitlab"
      },
      "original": {
        "owner": "HiPhish",
        "repo": "rainbow-delimiters.nvim",
        "type": "gitlab"
      }
    },
    "render-markdown": {
      "flake": false,
      "locked": {
        "lastModified": 1739390183,
        "narHash": "sha256-c28iRCAl9pDo61gOsRQIm8d6SONZ9ZqTgF16aoIqsyI=",
        "owner": "MeanderingProgrammer",
        "repo": "render-markdown.nvim",
        "rev": "e05a9f22f31c088ece3fa5928daf546a015b66ee",
        "type": "github"
      },
      "original": {
        "owner": "MeanderingProgrammer",
        "repo": "render-markdown.nvim",
        "type": "github"
      }
    },
    "root": {
      "inputs": {
        "aiken-neovim": "aiken-neovim",
        "avante-nvim": "avante-nvim",
        "blink-cmp": "blink-cmp",
        "catppuccin-nvim": "catppuccin-nvim",
        "comment": "comment",
        "conform-nvim": "conform-nvim",
        "dressing": "dressing",
        "flake-utils": "flake-utils",
        "friendly-snippets": "friendly-snippets",
        "gitignore": "gitignore",
        "gitsigns": "gitsigns",
        "grug-far": "grug-far",
        "indent-blankline": "indent-blankline",
        "lspconfig": "lspconfig",
        "lspkind": "lspkind",
        "lualine": "lualine",
        "neotest": "neotest",
        "nio": "nio",
        "nixpkgs": "nixpkgs",
        "nui": "nui",
        "nvim-autopairs": "nvim-autopairs",
        "nvim-notify": "nvim-notify",
        "nvim-tree": "nvim-tree",
        "nvim-treesitter": "nvim-treesitter",
        "nvim-treesitter-endwise": "nvim-treesitter-endwise",
        "nvim-treesitter-just": "nvim-treesitter-just",
        "nvim-web-devicons": "nvim-web-devicons",
        "obsidian-nvim": "obsidian-nvim",
        "plenary": "plenary",
        "pre-commit-hooks": "pre-commit-hooks",
        "rainbow-delimiters": "rainbow-delimiters",
        "render-markdown": "render-markdown",
        "rust-overlay": "rust-overlay",
        "rustacean": "rustacean",
        "surround": "surround",
        "telescope": "telescope",
        "todo-comments": "todo-comments",
        "toggleterm-nvim": "toggleterm-nvim",
        "treefmt-nix": "treefmt-nix",
        "treesj": "treesj",
        "trouble": "trouble",
        "which-key": "which-key"
      }
    },
    "rust-analyzer-src": {
      "flake": false,
      "locked": {
        "lastModified": 1734622712,
        "narHash": "sha256-2Oc2LbFypF1EG3zTVIVcuT5XFJ7R3oAwu2tS8B0qQ0I=",
        "owner": "rust-lang",
        "repo": "rust-analyzer",
        "rev": "fe027d79d22f2a7645da4143f5cc0f5f56239b97",
        "type": "github"
      },
      "original": {
        "owner": "rust-lang",
        "ref": "nightly",
        "repo": "rust-analyzer",
        "type": "github"
      }
    },
    "rust-overlay": {
      "inputs": {
        "nixpkgs": [
          "nixpkgs"
        ]
      },
      "locked": {
        "lastModified": 1739500069,
        "narHash": "sha256-eCxWMqMsP2KQkleWWhs9KzFvxgd9v0F0iq7Piw6XDAs=",
        "owner": "oxalica",
        "repo": "rust-overlay",
        "rev": "cd3e0a87bf9edadb0f311ba1eb677bbae7a08b81",
        "type": "github"
      },
      "original": {
        "owner": "oxalica",
        "repo": "rust-overlay",
        "type": "github"
      }
    },
    "rustacean": {
      "flake": false,
      "locked": {
        "lastModified": 1738603179,
        "narHash": "sha256-T/hz2WP62AdgDtzkP4Bcx7enpDqPjvYAjEJE/ThtNCc=",
        "owner": "mrcjkb",
        "repo": "rustaceanvim",
        "rev": "f03035fa03ccb36cd26d0792c946fbacba1d1a39",
        "type": "github"
      },
      "original": {
        "owner": "mrcjkb",
        "repo": "rustaceanvim",
        "type": "github"
      }
    },
    "surround": {
      "flake": false,
      "locked": {
        "lastModified": 1737228356,
        "narHash": "sha256-MPxryuFcDrSaeMlULpooNdOuhq0YUJP/5PJqoiN5M/c=",
        "owner": "kylechui",
        "repo": "nvim-surround",
        "rev": "ae298105122c87bbe0a36b1ad20b06d417c0433e",
        "type": "github"
      },
      "original": {
        "owner": "kylechui",
        "repo": "nvim-surround",
        "type": "github"
      }
    },
    "systems": {
      "locked": {
        "lastModified": 1681028828,
        "narHash": "sha256-Vy1rq5AaRuLzOxct8nz4T6wlgyUR7zLU309k9mBC768=",
        "owner": "nix-systems",
        "repo": "default",
        "rev": "da67096a3b9bf56a91d16901293e51ba5b49a27e",
        "type": "github"
      },
      "original": {
        "owner": "nix-systems",
        "repo": "default",
        "type": "github"
      }
    },
    "telescope": {
      "flake": false,
      "locked": {
        "lastModified": 1739304080,
        "narHash": "sha256-zeyZMh5exWSK8tERzPF/qE24qpaVek7G4sO/yprXYqM=",
        "owner": "nvim-telescope",
        "repo": "telescope.nvim",
        "rev": "78857db9e8d819d3cc1a9a7bdc1d39d127a36495",
        "type": "github"
      },
      "original": {
        "owner": "nvim-telescope",
        "repo": "telescope.nvim",
        "type": "github"
      }
    },
    "todo-comments": {
      "flake": false,
      "locked": {
        "lastModified": 1736873412,
        "narHash": "sha256-at9OSBtQqyiDdxKdNn2x6z4k8xrDD90sACKEK7uKNUM=",
        "owner": "folke",
        "repo": "todo-comments.nvim",
        "rev": "304a8d204ee787d2544d8bc23cd38d2f929e7cc5",
        "type": "github"
      },
      "original": {
        "owner": "folke",
        "repo": "todo-comments.nvim",
        "type": "github"
      }
    },
    "toggleterm-nvim": {
      "flake": false,
      "locked": {
        "lastModified": 1735582456,
        "narHash": "sha256-4Y1TXxnrMLqwFlmbj39JTlcUToP80kWU+FpPUrYdz8s=",
        "owner": "akinsho",
        "repo": "toggleterm.nvim",
        "rev": "e76134e682c1a866e3dfcdaeb691eb7b01068668",
        "type": "github"
      },
      "original": {
        "owner": "akinsho",
        "repo": "toggleterm.nvim",
        "type": "github"
      }
    },
    "treefmt-nix": {
      "inputs": {
        "nixpkgs": [
          "nixpkgs"
        ]
      },
      "locked": {
        "lastModified": 1738953846,
        "narHash": "sha256-yrK3Hjcr8F7qS/j2F+r7C7o010eVWWlm4T1PrbKBOxQ=",
        "owner": "numtide",
        "repo": "treefmt-nix",
        "rev": "4f09b473c936d41582dd744e19f34ec27592c5fd",
        "type": "github"
      },
      "original": {
        "owner": "numtide",
        "repo": "treefmt-nix",
        "type": "github"
      }
    },
    "treesj": {
      "flake": false,
      "locked": {
        "lastModified": 1737474700,
        "narHash": "sha256-GYGHcLMfJN+Z8NPhHSgWX+1Yy4C40KKCJx9zqQoQCno=",
        "owner": "Wansmer",
        "repo": "treesj",
        "rev": "48c1a7539f376fd40ceb9cf12d697040fcf90649",
        "type": "github"
      },
      "original": {
        "owner": "Wansmer",
        "repo": "treesj",
        "type": "github"
      }
    },
    "trouble": {
      "flake": false,
      "locked": {
        "lastModified": 1739392872,
        "narHash": "sha256-au9wp88a0CutEf2f8Bi0vFTUR0zvQKgFX1vMVg4myGI=",
        "owner": "folke",
        "repo": "trouble.nvim",
        "rev": "85bedb7eb7fa331a2ccbecb9202d8abba64d37b3",
        "type": "github"
      },
      "original": {
        "owner": "folke",
        "repo": "trouble.nvim",
        "type": "github"
      }
    },
    "which-key": {
      "flake": false,
      "locked": {
        "lastModified": 1739567619,
        "narHash": "sha256-LCcvy5uwEy01NhXCW5tlJXAK2UPgNrZTYvjuE9J34ek=",
        "owner": "folke",
        "repo": "which-key.nvim",
        "rev": "5bf7a73fe851896d5ac26d313db849bf00f45b78",
        "type": "github"
      },
      "original": {
        "owner": "folke",
        "repo": "which-key.nvim",
        "type": "github"
      }
    }
  },
  "root": "root",
  "version": 7
}
